
Microsoft Visual Studio Solution File, Format Version 12.00
# Visual Studio Version 16
VisualStudioVersion = 16.0.29326.143
MinimumVisualStudioVersion = 10.0.40219.1
Project("{FAE04EC0-301F-11D3-BF4B-00C04F79EFBC}") = "Kibris Order Software Solutions", "Kibris Order Software Solutions\Kibris Order Software Solutions.csproj", "{B2A35D18-3DC3-4E83-96F3-8F74872F40EA}"
EndProject
Global
	GlobalSection(SolutionConfigurationPlatforms) = preSolution
		Debug|Any CPU = Debug|Any CPU
		Release|Any CPU = Release|Any CPU
	EndGlobalSection
	GlobalSection(ProjectConfigurationPlatforms) = postSolution
		{B2A35D18-3DC3-4E83-96F3-8F74872F40EA}.Debug|Any CPU.ActiveCfg = Debug|Any CPU
		{B2A35D18-3DC3-4E83-96F3-8F74872F40EA}.Debug|Any CPU.Build.0 = Debug|Any CPU
		{B2A35D18-3DC3-4E83-96F3-8F74872F40EA}.Release|Any CPU.ActiveCfg = Release|Any CPU
		{B2A35D18-3DC3-4E83-96F3-8F74872F40EA}.Release|Any CPU.Build.0 = Release|Any CPU
	EndGlobalSection
	GlobalSection(SolutionProperties) = preSolution
		HideSolutionNode = FALSE
	EndGlobalSection
	GlobalSection(ExtensibilityGlobals) = postSolution
		SolutionGuid = {2D33BDD3-8024-4E1E-A249-7F95DF1BFB78}
	EndGlobalSection
EndGlobal
